PODS:
  - Flutter (1.0.0)
  - flutter_file_dialog (0.0.1):
    - Flutter
  - open_filex (0.0.2):
    - Flutter

DEPENDENCIES:
  - Flutter (from `Flutter`)
  - flutter_file_dialog (from `.symlinks/plugins/flutter_file_dialog/ios`)
  - open_filex (from `.symlinks/plugins/open_filex/ios`)

EXTERNAL SOURCES:
  Flutter:
    :path: Flutter
  flutter_file_dialog:
    :path: ".symlinks/plugins/flutter_file_dialog/ios"
  open_filex:
    :path: ".symlinks/plugins/open_filex/ios"

SPEC CHECKSUMS:
  Flutter: cabc95a1d2626b1b06e7179b784ebcf0c0cde467
  flutter_file_dialog: ca8d7fbd1772d4f0c2777b4ab20a7787ef4e7dd8
  open_filex: 432f3cd11432da3e39f47fcc0df2b1603854eff1

PODFILE CHECKSUM: 6c4ed185b738c29fa49c7048132ae57bfa5eaf4c

COCOAPODS: 1.16.2
